
Microsoft Visual Studio Solution File, Format Version 12.00
# Visual Studio 2012
Project("{FAE04EC0-301F-11D3-BF4B-00C04F79EFBC}") = "TomTime", "TomTime\TomTime.csproj", "{F7DC7A81-45FC-4CF4-8091-A21299B4096D}"
EndProject
Project("{2150E333-8FDC-42A3-9474-1A3956D46DE8}") = "Solution Items", "Solution Items", "{8C6EED7F-5334-48D0-B369-56D5B45A1434}"
EndProject
Global
	GlobalSection(SolutionConfigurationPlatforms) = preSolution
		Debug|Any CPU = Debug|Any CPU
		Release|Any CPU = Release|Any CPU
	EndGlobalSection
	GlobalSection(ProjectConfigurationPlatforms) = postSolution
		{F7DC7A81-45FC-4CF4-8091-A21299B4096D}.Debug|Any CPU.ActiveCfg = Debug|Any CPU
		{F7DC7A81-45FC-4CF4-8091-A21299B4096D}.Debug|Any CPU.Build.0 = Debug|Any CPU
		{F7DC7A81-45FC-4CF4-8091-A21299B4096D}.Release|Any CPU.ActiveCfg = Release|Any CPU
		{F7DC7A81-45FC-4CF4-8091-A21299B4096D}.Release|Any CPU.Build.0 = Release|Any CPU
	EndGlobalSection
	GlobalSection(SolutionProperties) = preSolution
		HideSolutionNode = FALSE
	EndGlobalSection
EndGlobal
